
Microsoft Visual Studio Solution File, Format Version 12.00
# Visual Studio 15
VisualStudioVersion = 15.0.28307.1267
MinimumVisualStudioVersion = 10.0.40219.1
Project("{FAE04EC0-301F-11D3-BF4B-00C04F79EFBC}") = "Customer", "Customer\Customer.csproj", "{8AACF3B5-4E62-42C3-BF45-F2BFC264376F}"
EndProject
Global
	GlobalSection(SolutionConfigurationPlatforms) = preSolution
		Debug|Any CPU = Debug|Any CPU
		Release|Any CPU = Release|Any CPU
	EndGlobalSection
	GlobalSection(ProjectConfigurationPlatforms) = postSolution
		{8AACF3B5-4E62-42C3-BF45-F2BFC264376F}.Debug|Any CPU.ActiveCfg = Debug|Any CPU
		{8AACF3B5-4E62-42C3-BF45-F2BFC264376F}.Debug|Any CPU.Build.0 = Debug|Any CPU
		{8AACF3B5-4E62-42C3-BF45-F2BFC264376F}.Release|Any CPU.ActiveCfg = Release|Any CPU
		{8AACF3B5-4E62-42C3-BF45-F2BFC264376F}.Release|Any CPU.Build.0 = Release|Any CPU
	EndGlobalSection
	GlobalSection(SolutionProperties) = preSolution
		HideSolutionNode = FALSE
	EndGlobalSection
	GlobalSection(ExtensibilityGlobals) = postSolution
		SolutionGuid = {5957F833-5546-49EE-BC13-1F41F069C55A}
	EndGlobalSection
EndGlobal
